{
  "name": "authorization-signature",
  "version": "1.0.3",
  "lockfileVersion": 3,
  "requires": true,
  "packages": {
    "": {
      "name": "authorization-signature",
      "version": "1.0.3",
      "dependencies": {
        "@digitalbazaar/http-signature-header": "^5.0.1"
      },
      "devDependencies": {
        "@did.coop/did-key-ed25519": "*",
        "@types/node": "^22.12.0"
      }
    },
    "node_modules/@did.coop/did-key-ed25519": {
      "version": "0.0.9",
      "resolved": "https://registry.npmjs.org/@did.coop/did-key-ed25519/-/did-key-ed25519-0.0.9.tgz",
      "integrity": "sha512-+n64ae2UdqTjVtGaxuzVWh410lTX8T2fwMYDD2LDtA/W8ZU4juZ4zw5BarFVBlF1GDIB8ulvomgZSHkK1qiWlA==",
      "dev": true,
      "dependencies": {
        "@digitalbazaar/did-method-key": "^5.2.0",
        "@digitalbazaar/ed25519-verification-key-2020": "^4.2.0",
        "base58-universal": "^2.0.0",
        "base64url-universal": "^2.0.0"
      }
    },
    "node_modules/@digitalbazaar/did-io": {
      "version": "2.0.0",
      "resolved": "https://registry.npmjs.org/@digitalbazaar/did-io/-/did-io-2.0.0.tgz",
      "integrity": "sha512-6dG0nOytVN1ntCbf9ffB/BLSQszfDEEBbemMu8l1/yn8fOLMKABNu13/yfp8tPtqSowz3P0SWt6YNcYLf49sAw==",
      "dev": true,
      "license": "BSD-3-Clause",
      "dependencies": {
        "@digitalbazaar/lru-memoize": "^3.0.0"
      },
      "engines": {
        "node": ">=14"
      }
    },
    "node_modules/@digitalbazaar/did-method-key": {
      "version": "5.2.0",
      "resolved": "https://registry.npmjs.org/@digitalbazaar/did-method-key/-/did-method-key-5.2.0.tgz",
      "integrity": "sha512-67JerSdJWAVI1wrZftLFIvjifRk5R3uX5r91GgVHiMbDlkj01Nt7HuqzMSKHG9bXcvJbMhgprlS9BWzPeaiFRw==",
      "dev": true,
      "license": "BSD-3-Clause",
      "dependencies": {
        "@digitalbazaar/did-io": "^2.0.0",
        "@digitalbazaar/x25519-key-agreement-key-2019": "^6.0.0",
        "@digitalbazaar/x25519-key-agreement-key-2020": "^3.0.0"
      },
      "engines": {
        "node": ">=16"
      }
    },
    "node_modules/@digitalbazaar/ed25519-verification-key-2020": {
      "version": "4.2.0",
      "resolved": "https://registry.npmjs.org/@digitalbazaar/ed25519-verification-key-2020/-/ed25519-verification-key-2020-4.2.0.tgz",
      "integrity": "sha512-urEVTYkt+uYD8GjdoS6gkm2sKBich1hqx42b6vvUOmNgF0agZ95JlUjiJXEx+VOwu7WSjJSnEBph2Qatkrk1CA==",
      "dev": true,
      "license": "BSD-3-Clause",
      "dependencies": {
        "@noble/ed25519": "^1.6.0",
        "base58-universal": "^2.0.0",
        "base64url-universal": "^2.0.0",
        "crypto-ld": "^7.0.0"
      },
      "engines": {
        "node": ">=14"
      }
    },
    "node_modules/@digitalbazaar/http-signature-header": {
      "version": "5.0.1",
      "resolved": "https://registry.npmjs.org/@digitalbazaar/http-signature-header/-/http-signature-header-5.0.1.tgz",
      "integrity": "sha512-c7U6KYLEcAv1lh6QdBocOzuqmE5HKT2BAwn+0roiIPv527c+6qUh7rPHMrbVavWYTgk9kWBhCPba+Ql7gwG57g==",
      "license": "BSD-3-Clause",
      "dependencies": {
        "assert-plus": "^1.0.0"
      },
      "engines": {
        "node": ">=14"
      }
    },
    "node_modules/@digitalbazaar/lru-memoize": {
      "version": "3.0.2",
      "resolved": "https://registry.npmjs.org/@digitalbazaar/lru-memoize/-/lru-memoize-3.0.2.tgz",
      "integrity": "sha512-O7fv5GnFY/XZggJ3bQuce1E4LcFxrexSJmubto8v3YABaIuP5McQFAxn3m9oV6BHRQXa/wURItpvY/g5X3kwVw==",
      "dev": true,
      "license": "BSD-3-Clause",
      "dependencies": {
        "lru-cache": "^6.0.0"
      },
      "engines": {
        "node": ">=14"
      }
    },
    "node_modules/@digitalbazaar/x25519-key-agreement-key-2019": {
      "version": "6.0.0",
      "resolved": "https://registry.npmjs.org/@digitalbazaar/x25519-key-agreement-key-2019/-/x25519-key-agreement-key-2019-6.0.0.tgz",
      "integrity": "sha512-3EV/x7/Sa5mOAuPf0Z0Fi+BsIQKR5Qi2u/KNUgMc1fHx9jQZWjF3//1hvSDDrKV+FKfhAg10S7EcgU04f5tjog==",
      "dev": true,
      "license": "BSD-3-Clause",
      "dependencies": {
        "@noble/ed25519": "^1.6.0",
        "base58-universal": "^2.0.0",
        "crypto-ld": "^7.0.0",
        "ed2curve": "^0.3.0",
        "tweetnacl": "^1.0.3"
      },
      "engines": {
        "node": ">=14"
      }
    },
    "node_modules/@digitalbazaar/x25519-key-agreement-key-2020": {
      "version": "3.0.1",
      "resolved": "https://registry.npmjs.org/@digitalbazaar/x25519-key-agreement-key-2020/-/x25519-key-agreement-key-2020-3.0.1.tgz",
      "integrity": "sha512-GmpPEc3ZD/7fz3St38ELa8qgJzjfTxCJi7cwAYPAcZ8Iynldj8sSf2hIblYjjlB82pIENhyXLQHcIALluGcrqA==",
      "dev": true,
      "license": "BSD-3-Clause",
      "dependencies": {
        "@noble/ed25519": "^1.6.0",
        "base58-universal": "^2.0.0",
        "crypto-ld": "^7.0.0",
        "tweetnacl": "^1.0.3"
      },
      "engines": {
        "node": ">=14"
      }
    },
    "node_modules/@noble/ed25519": {
      "version": "1.7.5",
      "resolved": "https://registry.npmjs.org/@noble/ed25519/-/ed25519-1.7.5.tgz",
      "integrity": "sha512-xuS0nwRMQBvSxDa7UxMb61xTiH3MxTgUfhyPUALVIe0FlOAz4sjELwyDRyUvqeEYfRSG9qNjFIycqLZppg4RSA==",
      "dev": true,
      "funding": [
        {
          "type": "individual",
          "url": "https://paulmillr.com/funding/"
        }
      ],
      "license": "MIT"
    },
    "node_modules/@types/node": {
      "version": "22.15.18",
      "resolved": "https://registry.npmjs.org/@types/node/-/node-22.15.18.tgz",
      "integrity": "sha512-v1DKRfUdyW+jJhZNEI1PYy29S2YRxMV5AOO/x/SjKmW0acCIOqmbj6Haf9eHAhsPmrhlHSxEhv/1WszcLWV4cg==",
      "dev": true,
      "license": "MIT",
      "dependencies": {
        "undici-types": "~6.21.0"
      }
    },
    "node_modules/assert-plus": {
      "version": "1.0.0",
      "resolved": "https://registry.npmjs.org/assert-plus/-/assert-plus-1.0.0.tgz",
      "integrity": "sha512-NfJ4UzBCcQGLDlQq7nHxH+tv3kyZ0hHQqF5BO6J7tNJeP5do1llPr8dZ8zHonfhAu0PHAdMkSo+8o0wxg9lZWw==",
      "license": "MIT",
      "engines": {
        "node": ">=0.8"
      }
    },
    "node_modules/base58-universal": {
      "version": "2.0.0",
      "resolved": "https://registry.npmjs.org/base58-universal/-/base58-universal-2.0.0.tgz",
      "integrity": "sha512-BgkgF8zVLOAygszG4W8NkLm7iXrw80VYAOcedrzANrIhS14+4W6zVqjyGTFUBM/FpqkHUt8aAYd4DbBBfn3zKg==",
      "dev": true,
      "license": "BSD-3-Clause",
      "engines": {
        "node": ">=14"
      }
    },
    "node_modules/base64url": {
      "version": "3.0.1",
      "resolved": "https://registry.npmjs.org/base64url/-/base64url-3.0.1.tgz",
      "integrity": "sha512-ir1UPr3dkwexU7FdV8qBBbNDRUhMmIekYMFZfi+C/sLNnRESKPl23nB9b2pltqfOQNnGzsDdId90AEtG5tCx4A==",
      "dev": true,
      "license": "MIT",
      "engines": {
        "node": ">=6.0.0"
      }
    },
    "node_modules/base64url-universal": {
      "version": "2.0.0",
      "resolved": "https://registry.npmjs.org/base64url-universal/-/base64url-universal-2.0.0.tgz",
      "integrity": "sha512-6Hpg7EBf3t148C3+fMzjf+CHnADVDafWzlJUXAqqqbm4MKNXbsoPdOkWeRTjNlkYG7TpyjIpRO1Gk0SnsFD1rw==",
      "dev": true,
      "license": "BSD-3-Clause",
      "dependencies": {
        "base64url": "^3.0.1"
      },
      "engines": {
        "node": ">=14"
      }
    },
    "node_modules/crypto-ld": {
      "version": "7.0.0",
      "resolved": "https://registry.npmjs.org/crypto-ld/-/crypto-ld-7.0.0.tgz",
      "integrity": "sha512-RrXy6aB0TOhSiqsgavTQt1G8mKomKIaNLb2JZxj7A/Vi0EwmXguuBQoeiAvePfK6bDR3uQbqYnaLLs4irTWwgw==",
      "dev": true,
      "license": "BSD-3-Clause",
      "engines": {
        "node": ">=14"
      }
    },
    "node_modules/ed2curve": {
      "version": "0.3.0",
      "resolved": "https://registry.npmjs.org/ed2curve/-/ed2curve-0.3.0.tgz",
      "integrity": "sha512-8w2fmmq3hv9rCrcI7g9hms2pMunQr1JINfcjwR9tAyZqhtyaMN991lF/ZfHfr5tzZQ8c7y7aBgZbjfbd0fjFwQ==",
      "dev": true,
      "license": "Unlicense",
      "dependencies": {
        "tweetnacl": "1.x.x"
      }
    },
    "node_modules/lru-cache": {
      "version": "6.0.0",
      "resolved": "https://registry.npmjs.org/lru-cache/-/lru-cache-6.0.0.tgz",
      "integrity": "sha512-Jo6dJ04CmSjuznwJSS3pUeWmd/H0ffTlkXXgwZi+eq1UCmqQwCh+eLsYOYCwY991i2Fah4h1BEMCx4qThGbsiA==",
      "dev": true,
      "license": "ISC",
      "dependencies": {
        "yallist": "^4.0.0"
      },
      "engines": {
        "node": ">=10"
      }
    },
    "node_modules/tweetnacl": {
      "version": "1.0.3",
      "resolved": "https://registry.npmjs.org/tweetnacl/-/tweetnacl-1.0.3.tgz",
      "integrity": "sha512-6rt+RN7aOi1nGMyC4Xa5DdYiukl2UWCbcJft7YhxReBGQD7OAM8Pbxw6YMo4r2diNEA8FEmu32YOn9rhaiE5yw==",
      "dev": true,
      "license": "Unlicense"
    },
    "node_modules/undici-types": {
      "version": "6.21.0",
      "resolved": "https://registry.npmjs.org/undici-types/-/undici-types-6.21.0.tgz",
      "integrity": "sha512-iwDZqg0QAGrg9Rav5H4n0M64c3mkR59cJ6wQp+7C4nI0gsmExaedaYLNO44eT4AtBBwjbTiGPMlt2Md0T9H9JQ==",
      "dev": true,
      "license": "MIT"
    },
    "node_modules/yallist": {
      "version": "4.0.0",
      "resolved": "https://registry.npmjs.org/yallist/-/yallist-4.0.0.tgz",
      "integrity": "sha512-3wdGidZyq5PB084XLES5TpOSRA3wjXAlIWMhum2kRcv/41Sn2emQ0dycQW4uZXLejwKvg6EsvbdlVL+FYEct7A==",
      "dev": true,
      "license": "ISC"
    }
  }
}
